
Microsoft Visual Studio Solution File, Format Version 12.00
# Visual Studio 15
VisualStudioVersion = 15.0.28010.2003
MinimumVisualStudioVersion = 10.0.40219.1
Project("{FAE04EC0-301F-11D3-BF4B-00C04F79EFBC}") = "IndraCorp.ChekFiles.App", "IndraCorp.ChekFiles.App\IndraCorp.ChekFiles.App.csproj", "{B68F5327-A43C-4683-AA73-E15D7C69AF02}"
EndProject
Project("{FAE04EC0-301F-11D3-BF4B-00C04F79EFBC}") = "IndraCorp.ChekFiles.Method", "IndraCorp.ChekFiles.Method\IndraCorp.ChekFiles.Method.csproj", "{4D679106-301A-42E9-AC2D-D359527592C6}"
EndProject
Global
	GlobalSection(SolutionConfigurationPlatforms) = preSolution
		Debug|Any CPU = Debug|Any CPU
		Release|Any CPU = Release|Any CPU
	EndGlobalSection
	GlobalSection(ProjectConfigurationPlatforms) = postSolution
		{B68F5327-A43C-4683-AA73-E15D7C69AF02}.Debug|Any CPU.ActiveCfg = Debug|Any CPU
		{B68F5327-A43C-4683-AA73-E15D7C69AF02}.Debug|Any CPU.Build.0 = Debug|Any CPU
		{B68F5327-A43C-4683-AA73-E15D7C69AF02}.Release|Any CPU.ActiveCfg = Release|Any CPU
		{B68F5327-A43C-4683-AA73-E15D7C69AF02}.Release|Any CPU.Build.0 = Release|Any CPU
		{4D679106-301A-42E9-AC2D-D359527592C6}.Debug|Any CPU.ActiveCfg = Debug|Any CPU
		{4D679106-301A-42E9-AC2D-D359527592C6}.Debug|Any CPU.Build.0 = Debug|Any CPU
		{4D679106-301A-42E9-AC2D-D359527592C6}.Release|Any CPU.ActiveCfg = Release|Any CPU
		{4D679106-301A-42E9-AC2D-D359527592C6}.Release|Any CPU.Build.0 = Release|Any CPU
	EndGlobalSection
	GlobalSection(SolutionProperties) = preSolution
		HideSolutionNode = FALSE
	EndGlobalSection
	GlobalSection(ExtensibilityGlobals) = postSolution
		SolutionGuid = {6D89404B-2CD8-4E11-9432-5EA1481A4F01}
	EndGlobalSection
EndGlobal
